
Microsoft Visual Studio Solution File, Format Version 12.00
# Visual Studio Version 16
VisualStudioVersion = 16.0.32901.82
MinimumVisualStudioVersion = 10.0.40219.1
Project("{FAE04EC0-301F-11D3-BF4B-00C04F79EFBC}") = "Assignment5", "Assignment5\Assignment5.csproj", "{3259F1D1-7C4D-48DB-9C93-BA831B6226A0}"
EndProject
Project("{FAE04EC0-301F-11D3-BF4B-00C04F79EFBC}") = "ClassLibrary1", "ClassLibrary1\ClassLibrary1.csproj", "{4D19F976-932F-4610-8526-0EEE535B5686}"
EndProject
Global
	GlobalSection(SolutionConfigurationPlatforms) = preSolution
		Debug|Any CPU = Debug|Any CPU
		Release|Any CPU = Release|Any CPU
	EndGlobalSection
	GlobalSection(ProjectConfigurationPlatforms) = postSolution
		{3259F1D1-7C4D-48DB-9C93-BA831B6226A0}.Debug|Any CPU.ActiveCfg = Debug|Any CPU
		{3259F1D1-7C4D-48DB-9C93-BA831B6226A0}.Debug|Any CPU.Build.0 = Debug|Any CPU
		{3259F1D1-7C4D-48DB-9C93-BA831B6226A0}.Release|Any CPU.ActiveCfg = Release|Any CPU
		{3259F1D1-7C4D-48DB-9C93-BA831B6226A0}.Release|Any CPU.Build.0 = Release|Any CPU
		{4D19F976-932F-4610-8526-0EEE535B5686}.Debug|Any CPU.ActiveCfg = Debug|Any CPU
		{4D19F976-932F-4610-8526-0EEE535B5686}.Debug|Any CPU.Build.0 = Debug|Any CPU
		{4D19F976-932F-4610-8526-0EEE535B5686}.Release|Any CPU.ActiveCfg = Release|Any CPU
		{4D19F976-932F-4610-8526-0EEE535B5686}.Release|Any CPU.Build.0 = Release|Any CPU
	EndGlobalSection
	GlobalSection(SolutionProperties) = preSolution
		HideSolutionNode = FALSE
	EndGlobalSection
	GlobalSection(ExtensibilityGlobals) = postSolution
		SolutionGuid = {54889152-5BFB-4DD9-BF40-46680DAA9F15}
	EndGlobalSection
EndGlobal
