
Microsoft Visual Studio Solution File, Format Version 12.00
# Visual Studio Version 16
VisualStudioVersion = 16.0.32901.82
MinimumVisualStudioVersion = 10.0.40219.1
Project("{FAE04EC0-301F-11D3-BF4B-00C04F79EFBC}") = "Movie_codefirstproject", "Movie_codefirstproject\Movie_codefirstproject.csproj", "{8CA877AF-DF97-4DD3-8B7C-571BB2015828}"
EndProject
Global
	GlobalSection(SolutionConfigurationPlatforms) = preSolution
		Debug|Any CPU = Debug|Any CPU
		Release|Any CPU = Release|Any CPU
	EndGlobalSection
	GlobalSection(ProjectConfigurationPlatforms) = postSolution
		{8CA877AF-DF97-4DD3-8B7C-571BB2015828}.Debug|Any CPU.ActiveCfg = Debug|Any CPU
		{8CA877AF-DF97-4DD3-8B7C-571BB2015828}.Debug|Any CPU.Build.0 = Debug|Any CPU
		{8CA877AF-DF97-4DD3-8B7C-571BB2015828}.Release|Any CPU.ActiveCfg = Release|Any CPU
		{8CA877AF-DF97-4DD3-8B7C-571BB2015828}.Release|Any CPU.Build.0 = Release|Any CPU
	EndGlobalSection
	GlobalSection(SolutionProperties) = preSolution
		HideSolutionNode = FALSE
	EndGlobalSection
	GlobalSection(ExtensibilityGlobals) = postSolution
		SolutionGuid = {4F0322A4-0593-4F5D-AF95-256B4FF07DCB}
	EndGlobalSection
EndGlobal
