
Microsoft Visual Studio Solution File, Format Version 12.00
# Visual Studio Version 16
VisualStudioVersion = 16.0.32901.82
MinimumVisualStudioVersion = 10.0.40219.1
Project("{FAE04EC0-301F-11D3-BF4B-00C04F79EFBC}") = "Assignment3", "Assignment3\Assignment3.csproj", "{4C75359F-032A-4721-9F3C-985D7C6ECBBF}"
EndProject
Global
	GlobalSection(SolutionConfigurationPlatforms) = preSolution
		Debug|Any CPU = Debug|Any CPU
		Release|Any CPU = Release|Any CPU
	EndGlobalSection
	GlobalSection(ProjectConfigurationPlatforms) = postSolution
		{4C75359F-032A-4721-9F3C-985D7C6ECBBF}.Debug|Any CPU.ActiveCfg = Debug|Any CPU
		{4C75359F-032A-4721-9F3C-985D7C6ECBBF}.Debug|Any CPU.Build.0 = Debug|Any CPU
		{4C75359F-032A-4721-9F3C-985D7C6ECBBF}.Release|Any CPU.ActiveCfg = Release|Any CPU
		{4C75359F-032A-4721-9F3C-985D7C6ECBBF}.Release|Any CPU.Build.0 = Release|Any CPU
	EndGlobalSection
	GlobalSection(SolutionProperties) = preSolution
		HideSolutionNode = FALSE
	EndGlobalSection
	GlobalSection(ExtensibilityGlobals) = postSolution
		SolutionGuid = {946B968A-FAE4-42B9-B298-D82E4C407543}
	EndGlobalSection
EndGlobal
